// !$*UTF8*$!
{
	archiveVersion = 1;
	classes = {
	};
	objectVersion = 46;
	objects = {

/* Begin PBXBuildFile section */
		841F99811BE92BF4001F7CA7 /* Color+CoreDataProperties.swift in Sources */ = {isa = PBXBuildFile; fileRef = 841F997F1BE92BF4001F7CA7 /* Color+CoreDataProperties.swift */; };
		841F99821BE92BF4001F7CA7 /* Color.swift in Sources */ = {isa = PBXBuildFile; fileRef = 841F99801BE92BF4001F7CA7 /* Color.swift */; };
		848642C11B50622200451A3C /* AppDelegate.swift in Sources */ = {isa = PBXBuildFile; fileRef = 848642C01B50622200451A3C /* AppDelegate.swift */; };
		848642C31B50622200451A3C /* ViewController.swift in Sources */ = {isa = PBXBuildFile; fileRef = 848642C21B50622200451A3C /* ViewController.swift */; };
		848642C61B50622200451A3C /* Main.storyboard in Resources */ = {isa = PBXBuildFile; fileRef = 848642C41B50622200451A3C /* Main.storyboard */; };
		848642C91B50622200451A3C /* StudentTracker.xcdatamodeld in Sources */ = {isa = PBXBuildFile; fileRef = 848642C71B50622200451A3C /* StudentTracker.xcdatamodeld */; };
		848642CB1B50622200451A3C /* Assets.xcassets in Resources */ = {isa = PBXBuildFile; fileRef = 848642CA1B50622200451A3C /* Assets.xcassets */; };
		848642CE1B50622200451A3C /* LaunchScreen.storyboard in Resources */ = {isa = PBXBuildFile; fileRef = 848642CC1B50622200451A3C /* LaunchScreen.storyboard */; };
		848642D61B5070F100451A3C /* NotesTableViewCell.swift in Sources */ = {isa = PBXBuildFile; fileRef = 848642D51B5070F100451A3C /* NotesTableViewCell.swift */; };
		848642D81B507ADB00451A3C /* MainTableViewController.swift in Sources */ = {isa = PBXBuildFile; fileRef = 848642D71B507ADB00451A3C /* MainTableViewController.swift */; };
		84D02D0D1BCD5C7C00E5D98F /* Note+CoreDataProperties.swift in Sources */ = {isa = PBXBuildFile; fileRef = 84D02D0B1BCD5C7C00E5D98F /* Note+CoreDataProperties.swift */; };
		84D02D0E1BCD5C7C00E5D98F /* Note.swift in Sources */ = {isa = PBXBuildFile; fileRef = 84D02D0C1BCD5C7C00E5D98F /* Note.swift */; };
		84D02D101BD2EAC700E5D98F /* Util.swift in Sources */ = {isa = PBXBuildFile; fileRef = 84D02D0F1BD2EAC700E5D98F /* Util.swift */; };
		84D02D341BDA8E2300E5D98F /* ENSideMenu.swift in Sources */ = {isa = PBXBuildFile; fileRef = 84D02D321BDA8E2300E5D98F /* ENSideMenu.swift */; };
		84D02D351BDA8E2300E5D98F /* ENSideMenuNavigationController.swift in Sources */ = {isa = PBXBuildFile; fileRef = 84D02D331BDA8E2300E5D98F /* ENSideMenuNavigationController.swift */; };
		84D02D371BDA8F4300E5D98F /* SideMenuNavigation Controller.swift in Sources */ = {isa = PBXBuildFile; fileRef = 84D02D361BDA8F4300E5D98F /* SideMenuNavigation Controller.swift */; };
		84D02D391BDA91F600E5D98F /* SideMenuTableVC.swift in Sources */ = {isa = PBXBuildFile; fileRef = 84D02D381BDA91F600E5D98F /* SideMenuTableVC.swift */; };
		84D02D3C1BDAAEF700E5D98F /* StudentType+CoreDataProperties.swift in Sources */ = {isa = PBXBuildFile; fileRef = 84D02D3A1BDAAEF700E5D98F /* StudentType+CoreDataProperties.swift */; };
		84D02D3D1BDAAEF700E5D98F /* StudentType.swift in Sources */ = {isa = PBXBuildFile; fileRef = 84D02D3B1BDAAEF700E5D98F /* StudentType.swift */; };
		84D02D421BDAB16600E5D98F /* MileStone+CoreDataProperties.swift in Sources */ = {isa = PBXBuildFile; fileRef = 84D02D401BDAB16500E5D98F /* MileStone+CoreDataProperties.swift */; };
		84D02D431BDAB16600E5D98F /* MileStone.swift in Sources */ = {isa = PBXBuildFile; fileRef = 84D02D411BDAB16500E5D98F /* MileStone.swift */; };
		84D02D461BDAB1D300E5D98F /* Student+CoreDataProperties.swift in Sources */ = {isa = PBXBuildFile; fileRef = 84D02D441BDAB1D300E5D98F /* Student+CoreDataProperties.swift */; };
		84D02D471BDAB1D300E5D98F /* Student.swift in Sources */ = {isa = PBXBuildFile; fileRef = 84D02D451BDAB1D300E5D98F /* Student.swift */; };
		84D02D491BDABB2700E5D98F /* AddStudentController.swift in Sources */ = {isa = PBXBuildFile; fileRef = 84D02D481BDABB2700E5D98F /* AddStudentController.swift */; };
		84D02D4B1BDB0CD500E5D98F /* EditNoteVC.swift in Sources */ = {isa = PBXBuildFile; fileRef = 84D02D4A1BDB0CD500E5D98F /* EditNoteVC.swift */; };
		84D02D4D1BDB165D00E5D98F /* StudentTypeTVC.swift in Sources */ = {isa = PBXBuildFile; fileRef = 84D02D4C1BDB165D00E5D98F /* StudentTypeTVC.swift */; };
		84D992F51BDC085B00D13E56 /* MileStoneTVC.swift in Sources */ = {isa = PBXBuildFile; fileRef = 84D992F41BDC085B00D13E56 /* MileStoneTVC.swift */; };
		84D992F71BDD6CC200D13E56 /* NewMileStoneVC.swift in Sources */ = {isa = PBXBuildFile; fileRef = 84D992F61BDD6CC200D13E56 /* NewMileStoneVC.swift */; };
		84D992F91BE41C9500D13E56 /* SettingsVC.swift in Sources */ = {isa = PBXBuildFile; fileRef = 84D992F81BE41C9500D13E56 /* SettingsVC.swift */; };
		84D992FC1BE5248C00D13E56 /* CategoryColorTVCell.swift in Sources */ = {isa = PBXBuildFile; fileRef = 84D992FB1BE5248C00D13E56 /* CategoryColorTVCell.swift */; };
		84D992FE1BE528D300D13E56 /* CategoryColorTVC.swift in Sources */ = {isa = PBXBuildFile; fileRef = 84D992FD1BE528D300D13E56 /* CategoryColorTVC.swift */; };
/* End PBXBuildFile section */

/* Begin PBXFileReference section */
		841F997F1BE92BF4001F7CA7 /* Color+CoreDataProperties.swift */ = {isa = PBXFileReference; fileEncoding = 4; lastKnownFileType = sourcecode.swift; name = "Color+CoreDataProperties.swift"; path = "../Color+CoreDataProperties.swift"; sourceTree = "<group>"; };
		841F99801BE92BF4001F7CA7 /* Color.swift */ = {isa = PBXFileReference; fileEncoding = 4; lastKnownFileType = sourcecode.swift; name = Color.swift; path = ../Color.swift; sourceTree = "<group>"; };
		848642BD1B50622200451A3C /* StudentTracker.app */ = {isa = PBXFileReference; explicitFileType = wrapper.application; includeInIndex = 0; path = StudentTracker.app; sourceTree = BUILT_PRODUCTS_DIR; };
		848642C01B50622200451A3C /* AppDelegate.swift */ = {isa = PBXFileReference; lastKnownFileType = sourcecode.swift; path = AppDelegate.swift; sourceTree = "<group>"; };
		848642C21B50622200451A3C /* ViewController.swift */ = {isa = PBXFileReference; lastKnownFileType = sourcecode.swift; path = ViewController.swift; sourceTree = "<group>"; };
		848642C51B50622200451A3C /* Base */ = {isa = PBXFileReference; lastKnownFileType = file.storyboard; name = Base; path = Base.lproj/Main.storyboard; sourceTree = "<group>"; };
		848642C81B50622200451A3C /* StudentTracker.xcdatamodel */ = {isa = PBXFileReference; lastKnownFileType = wrapper.xcdatamodel; path = StudentTracker.xcdatamodel; sourceTree = "<group>"; };
		848642CA1B50622200451A3C /* Assets.xcassets */ = {isa = PBXFileReference; lastKnownFileType = folder.assetcatalog; path = Assets.xcassets; sourceTree = "<group>"; };
		848642CD1B50622200451A3C /* Base */ = {isa = PBXFileReference; lastKnownFileType = file.storyboard; name = Base; path = Base.lproj/LaunchScreen.storyboard; sourceTree = "<group>"; };
		848642CF1B50622200451A3C /* Info.plist */ = {isa = PBXFileReference; lastKnownFileType = text.plist.xml; path = Info.plist; sourceTree = "<group>"; };
		848642D51B5070F100451A3C /* NotesTableViewCell.swift */ = {isa = PBXFileReference; fileEncoding = 4; lastKnownFileType = sourcecode.swift; path = NotesTableViewCell.swift; sourceTree = "<group>"; };
		848642D71B507ADB00451A3C /* MainTableViewController.swift */ = {isa = PBXFileReference; fileEncoding = 4; lastKnownFileType = sourcecode.swift; path = MainTableViewController.swift; sourceTree = "<group>"; };
		84D02D0B1BCD5C7C00E5D98F /* Note+CoreDataProperties.swift */ = {isa = PBXFileReference; fileEncoding = 4; lastKnownFileType = sourcecode.swift; name = "Note+CoreDataProperties.swift"; path = "../Note+CoreDataProperties.swift"; sourceTree = "<group>"; };
		84D02D0C1BCD5C7C00E5D98F /* Note.swift */ = {isa = PBXFileReference; fileEncoding = 4; lastKnownFileType = sourcecode.swift; name = Note.swift; path = ../Note.swift; sourceTree = "<group>"; };
		84D02D0F1BD2EAC700E5D98F /* Util.swift */ = {isa = PBXFileReference; fileEncoding = 4; lastKnownFileType = sourcecode.swift; path = Util.swift; sourceTree = "<group>"; };
		84D02D321BDA8E2300E5D98F /* ENSideMenu.swift */ = {isa = PBXFileReference; fileEncoding = 4; lastKnownFileType = sourcecode.swift; path = ENSideMenu.swift; sourceTree = "<group>"; };
		84D02D331BDA8E2300E5D98F /* ENSideMenuNavigationController.swift */ = {isa = PBXFileReference; fileEncoding = 4; lastKnownFileType = sourcecode.swift; path = ENSideMenuNavigationController.swift; sourceTree = "<group>"; };
		84D02D361BDA8F4300E5D98F /* SideMenuNavigation Controller.swift */ = {isa = PBXFileReference; fileEncoding = 4; lastKnownFileType = sourcecode.swift; path = "SideMenuNavigation Controller.swift"; sourceTree = "<group>"; };
		84D02D381BDA91F600E5D98F /* SideMenuTableVC.swift */ = {isa = PBXFileReference; fileEncoding = 4; lastKnownFileType = sourcecode.swift; path = SideMenuTableVC.swift; sourceTree = "<group>"; usesTabs = 0; };
		84D02D3A1BDAAEF700E5D98F /* StudentType+CoreDataProperties.swift */ = {isa = PBXFileReference; fileEncoding = 4; lastKnownFileType = sourcecode.swift; name = "StudentType+CoreDataProperties.swift"; path = "../StudentType+CoreDataProperties.swift"; sourceTree = "<group>"; };
		84D02D3B1BDAAEF700E5D98F /* StudentType.swift */ = {isa = PBXFileReference; fileEncoding = 4; lastKnownFileType = sourcecode.swift; name = StudentType.swift; path = ../StudentType.swift; sourceTree = "<group>"; };
		84D02D401BDAB16500E5D98F /* MileStone+CoreDataProperties.swift */ = {isa = PBXFileReference; fileEncoding = 4; lastKnownFileType = sourcecode.swift; name = "MileStone+CoreDataProperties.swift"; path = "../MileStone+CoreDataProperties.swift"; sourceTree = "<group>"; };
		84D02D411BDAB16500E5D98F /* MileStone.swift */ = {isa = PBXFileReference; fileEncoding = 4; lastKnownFileType = sourcecode.swift; name = MileStone.swift; path = ../MileStone.swift; sourceTree = "<group>"; };
		84D02D441BDAB1D300E5D98F /* Student+CoreDataProperties.swift */ = {isa = PBXFileReference; fileEncoding = 4; lastKnownFileType = sourcecode.swift; name = "Student+CoreDataProperties.swift"; path = "../Student+CoreDataProperties.swift"; sourceTree = "<group>"; };
		84D02D451BDAB1D300E5D98F /* Student.swift */ = {isa = PBXFileReference; fileEncoding = 4; lastKnownFileType = sourcecode.swift; name = Student.swift; path = ../Student.swift; sourceTree = "<group>"; };
		84D02D481BDABB2700E5D98F /* AddStudentController.swift */ = {isa = PBXFileReference; fileEncoding = 4; lastKnownFileType = sourcecode.swift; path = AddStudentController.swift; sourceTree = "<group>"; };
		84D02D4A1BDB0CD500E5D98F /* EditNoteVC.swift */ = {isa = PBXFileReference; fileEncoding = 4; lastKnownFileType = sourcecode.swift; path = EditNoteVC.swift; sourceTree = "<group>"; };
		84D02D4C1BDB165D00E5D98F /* StudentTypeTVC.swift */ = {isa = PBXFileReference; fileEncoding = 4; lastKnownFileType = sourcecode.swift; path = StudentTypeTVC.swift; sourceTree = "<group>"; };
		84D992F41BDC085B00D13E56 /* MileStoneTVC.swift */ = {isa = PBXFileReference; fileEncoding = 4; lastKnownFileType = sourcecode.swift; path = MileStoneTVC.swift; sourceTree = "<group>"; };
		84D992F61BDD6CC200D13E56 /* NewMileStoneVC.swift */ = {isa = PBXFileReference; fileEncoding = 4; lastKnownFileType = sourcecode.swift; path = NewMileStoneVC.swift; sourceTree = "<group>"; };
		84D992F81BE41C9500D13E56 /* SettingsVC.swift */ = {isa = PBXFileReference; fileEncoding = 4; lastKnownFileType = sourcecode.swift; path = SettingsVC.swift; sourceTree = "<group>"; };
		84D992FB1BE5248C00D13E56 /* CategoryColorTVCell.swift */ = {isa = PBXFileReference; fileEncoding = 4; lastKnownFileType = sourcecode.swift; path = CategoryColorTVCell.swift; sourceTree = "<group>"; };
		84D992FD1BE528D300D13E56 /* CategoryColorTVC.swift */ = {isa = PBXFileReference; fileEncoding = 4; lastKnownFileType = sourcecode.swift; path = CategoryColorTVC.swift; sourceTree = "<group>"; };
/* End PBXFileReference section */

/* Begin PBXFrameworksBuildPhase section */
		848642BA1B50622200451A3C /* Frameworks */ = {
			isa = PBXFrameworksBuildPhase;
			buildActionMask = 2147483647;
			files = (
			);
			runOnlyForDeploymentPostprocessing = 0;
		};
/* End PBXFrameworksBuildPhase section */

/* Begin PBXGroup section */
		848642B41B50622200451A3C = {
			isa = PBXGroup;
			children = (
				848642BF1B50622200451A3C /* StudentTracker */,
				848642BE1B50622200451A3C /* Products */,
				84D02D321BDA8E2300E5D98F /* ENSideMenu.swift */,
				84D02D331BDA8E2300E5D98F /* ENSideMenuNavigationController.swift */,
			);
			sourceTree = "<group>";
		};
		848642BE1B50622200451A3C /* Products */ = {
			isa = PBXGroup;
			children = (
				848642BD1B50622200451A3C /* StudentTracker.app */,
			);
			name = Products;
			sourceTree = "<group>";
		};
		848642BF1B50622200451A3C /* StudentTracker */ = {
			isa = PBXGroup;
			children = (
				848642C01B50622200451A3C /* AppDelegate.swift */,
				848642C41B50622200451A3C /* Main.storyboard */,
				848642C71B50622200451A3C /* StudentTracker.xcdatamodeld */,
				848642E51B5083C200451A3C /* CoreData */,
				84D992F11BDBC89B00D13E56 /* Menu Item 1 Path */,
				84D992F21BDC081A00D13E56 /* Menu Item 2 Path */,
				84D992F31BDC083200D13E56 /* Side Menu */,
				84D992FA1BE5241500D13E56 /* Menu Item 3 Path (Settings) */,
				84D02D0F1BD2EAC700E5D98F /* Util.swift */,
				848642CA1B50622200451A3C /* Assets.xcassets */,
				848642CC1B50622200451A3C /* LaunchScreen.storyboard */,
				848642CF1B50622200451A3C /* Info.plist */,
			);
			path = StudentTracker;
			sourceTree = "<group>";
		};
		848642E51B5083C200451A3C /* CoreData */ = {
			isa = PBXGroup;
			children = (
				841F997F1BE92BF4001F7CA7 /* Color+CoreDataProperties.swift */,
				841F99801BE92BF4001F7CA7 /* Color.swift */,
				84D02D441BDAB1D300E5D98F /* Student+CoreDataProperties.swift */,
				84D02D451BDAB1D300E5D98F /* Student.swift */,
				84D02D401BDAB16500E5D98F /* MileStone+CoreDataProperties.swift */,
				84D02D411BDAB16500E5D98F /* MileStone.swift */,
				84D02D3A1BDAAEF700E5D98F /* StudentType+CoreDataProperties.swift */,
				84D02D3B1BDAAEF700E5D98F /* StudentType.swift */,
				84D02D0B1BCD5C7C00E5D98F /* Note+CoreDataProperties.swift */,
				84D02D0C1BCD5C7C00E5D98F /* Note.swift */,
			);
			name = CoreData;
			sourceTree = "<group>";
		};
		84D992F11BDBC89B00D13E56 /* Menu Item 1 Path */ = {
			isa = PBXGroup;
			children = (
				848642D71B507ADB00451A3C /* MainTableViewController.swift */,
				848642C21B50622200451A3C /* ViewController.swift */,
				84D02D481BDABB2700E5D98F /* AddStudentController.swift */,
				84D02D4A1BDB0CD500E5D98F /* EditNoteVC.swift */,
				848642D51B5070F100451A3C /* NotesTableViewCell.swift */,
			);
			name = "Menu Item 1 Path";
			sourceTree = "<group>";
		};
		84D992F21BDC081A00D13E56 /* Menu Item 2 Path */ = {
			isa = PBXGroup;
			children = (
				84D02D4C1BDB165D00E5D98F /* StudentTypeTVC.swift */,
				84D992F41BDC085B00D13E56 /* MileStoneTVC.swift */,
				84D992F61BDD6CC200D13E56 /* NewMileStoneVC.swift */,
			);
			name = "Menu Item 2 Path";
			sourceTree = "<group>";
		};
		84D992F31BDC083200D13E56 /* Side Menu */ = {
			isa = PBXGroup;
			children = (
				84D02D361BDA8F4300E5D98F /* SideMenuNavigation Controller.swift */,
				84D02D381BDA91F600E5D98F /* SideMenuTableVC.swift */,
			);
			name = "Side Menu";
			sourceTree = "<group>";
		};
		84D992FA1BE5241500D13E56 /* Menu Item 3 Path (Settings) */ = {
			isa = PBXGroup;
			children = (
				84D992F81BE41C9500D13E56 /* SettingsVC.swift */,
				84D992FD1BE528D300D13E56 /* CategoryColorTVC.swift */,
				84D992FB1BE5248C00D13E56 /* CategoryColorTVCell.swift */,
			);
			name = "Menu Item 3 Path (Settings)";
			sourceTree = "<group>";
		};
/* End PBXGroup section */

/* Begin PBXNativeTarget section */
		848642BC1B50622200451A3C /* StudentTracker */ = {
			isa = PBXNativeTarget;
			buildConfigurationList = 848642D21B50622200451A3C /* Build configuration list for PBXNativeTarget "StudentTracker" */;
			buildPhases = (
				848642B91B50622200451A3C /* Sources */,
				848642BA1B50622200451A3C /* Frameworks */,
				848642BB1B50622200451A3C /* Resources */,
			);
			buildRules = (
			);
			dependencies = (
			);
			name = StudentTracker;
			productName = StudentTracker;
			productReference = 848642BD1B50622200451A3C /* StudentTracker.app */;
			productType = "com.apple.product-type.application";
		};
/* End PBXNativeTarget section */

/* Begin PBXProject section */
		848642B51B50622200451A3C /* Project object */ = {
			isa = PBXProject;
			attributes = {
				LastUpgradeCheck = 0700;
				ORGANIZATIONNAME = Stephen;
				TargetAttributes = {
					848642BC1B50622200451A3C = {
						CreatedOnToolsVersion = 7.0;
						DevelopmentTeam = PE9R7UX883;
					};
				};
			};
			buildConfigurationList = 848642B81B50622200451A3C /* Build configuration list for PBXProject "StudentTracker" */;
			compatibilityVersion = "Xcode 3.2";
			developmentRegion = English;
			hasScannedForEncodings = 0;
			knownRegions = (
				en,
				Base,
			);
			mainGroup = 848642B41B50622200451A3C;
			productRefGroup = 848642BE1B50622200451A3C /* Products */;
			projectDirPath = "";
			projectRoot = "";
			targets = (
				848642BC1B50622200451A3C /* StudentTracker */,
			);
		};
/* End PBXProject section */

/* Begin PBXResourcesBuildPhase section */
		848642BB1B50622200451A3C /* Resources */ = {
			isa = PBXResourcesBuildPhase;
			buildActionMask = 2147483647;
			files = (
				848642CE1B50622200451A3C /* LaunchScreen.storyboard in Resources */,
				848642CB1B50622200451A3C /* Assets.xcassets in Resources */,
				848642C61B50622200451A3C /* Main.storyboard in Resources */,
			);
			runOnlyForDeploymentPostprocessing = 0;
		};
/* End PBXResourcesBuildPhase section */

/* Begin PBXSourcesBuildPhase section */
		848642B91B50622200451A3C /* Sources */ = {
			isa = PBXSourcesBuildPhase;
			buildActionMask = 2147483647;
			files = (
				84D992F51BDC085B00D13E56 /* MileStoneTVC.swift in Sources */,
				84D02D3D1BDAAEF700E5D98F /* StudentType.swift in Sources */,
				84D02D421BDAB16600E5D98F /* MileStone+CoreDataProperties.swift in Sources */,
				84D992FE1BE528D300D13E56 /* CategoryColorTVC.swift in Sources */,
				84D02D431BDAB16600E5D98F /* MileStone.swift in Sources */,
				84D02D101BD2EAC700E5D98F /* Util.swift in Sources */,
				84D992F91BE41C9500D13E56 /* SettingsVC.swift in Sources */,
				84D02D341BDA8E2300E5D98F /* ENSideMenu.swift in Sources */,
				84D992F71BDD6CC200D13E56 /* NewMileStoneVC.swift in Sources */,
				841F99821BE92BF4001F7CA7 /* Color.swift in Sources */,
				848642C31B50622200451A3C /* ViewController.swift in Sources */,
				84D02D491BDABB2700E5D98F /* AddStudentController.swift in Sources */,
				841F99811BE92BF4001F7CA7 /* Color+CoreDataProperties.swift in Sources */,
				84D02D3C1BDAAEF700E5D98F /* StudentType+CoreDataProperties.swift in Sources */,
				84D02D4D1BDB165D00E5D98F /* StudentTypeTVC.swift in Sources */,
				84D02D4B1BDB0CD500E5D98F /* EditNoteVC.swift in Sources */,
				84D02D461BDAB1D300E5D98F /* Student+CoreDataProperties.swift in Sources */,
				84D02D371BDA8F4300E5D98F /* SideMenuNavigation Controller.swift in Sources */,
				848642C91B50622200451A3C /* StudentTracker.xcdatamodeld in Sources */,
				848642C11B50622200451A3C /* AppDelegate.swift in Sources */,
				848642D81B507ADB00451A3C /* MainTableViewController.swift in Sources */,
				84D02D0E1BCD5C7C00E5D98F /* Note.swift in Sources */,
				84D02D471BDAB1D300E5D98F /* Student.swift in Sources */,
				84D02D391BDA91F600E5D98F /* SideMenuTableVC.swift in Sources */,
				84D02D351BDA8E2300E5D98F /* ENSideMenuNavigationController.swift in Sources */,
				84D992FC1BE5248C00D13E56 /* CategoryColorTVCell.swift in Sources */,
				848642D61B5070F100451A3C /* NotesTableViewCell.swift in Sources */,
				84D02D0D1BCD5C7C00E5D98F /* Note+CoreDataProperties.swift in Sources */,
			);
			runOnlyForDeploymentPostprocessing = 0;
		};
/* End PBXSourcesBuildPhase section */

/* Begin PBXVariantGroup section */
		848642C41B50622200451A3C /* Main.storyboard */ = {
			isa = PBXVariantGroup;
			children = (
				848642C51B50622200451A3C /* Base */,
			);
			name = Main.storyboard;
			sourceTree = "<group>";
		};
		848642CC1B50622200451A3C /* LaunchScreen.storyboard */ = {
			isa = PBXVariantGroup;
			children = (
				848642CD1B50622200451A3C /* Base */,
			);
			name = LaunchScreen.storyboard;
			sourceTree = "<group>";
		};
/* End PBXVariantGroup section */

/* Begin XCBuildConfiguration section */
		848642D01B50622200451A3C /* Debug */ = {
			isa = XCBuildConfiguration;
			buildSettings = {
				ALWAYS_SEARCH_USER_PATHS = NO;
				CLANG_CXX_LANGUAGE_STANDARD = "gnu++0x";
				CLANG_CXX_LIBRARY = "libc++";
				CLANG_ENABLE_MODULES = YES;
				CLANG_ENABLE_OBJC_ARC = YES;
				CLANG_WARN_BOOL_CONVERSION = YES;
				CLANG_WARN_CONSTANT_CONVERSION = YES;
				CLANG_WARN_DIRECT_OBJC_ISA_USAGE = YES_ERROR;
				CLANG_WARN_EMPTY_BODY = YES;
				CLANG_WARN_ENUM_CONVERSION = YES;
				CLANG_WARN_INT_CONVERSION = YES;
				CLANG_WARN_OBJC_ROOT_CLASS = YES_ERROR;
				CLANG_WARN_UNREACHABLE_CODE = YES;
				CLANG_WARN__DUPLICATE_METHOD_MATCH = YES;
				"CODE_SIGN_IDENTITY[sdk=iphoneos*]" = "iPhone Developer";
				COPY_PHASE_STRIP = NO;
				DEBUG_INFORMATION_FORMAT = dwarf;
				ENABLE_STRICT_OBJC_MSGSEND = YES;
				ENABLE_TESTABILITY = YES;
				GCC_C_LANGUAGE_STANDARD = gnu99;
				GCC_DYNAMIC_NO_PIC = NO;
				GCC_NO_COMMON_BLOCKS = YES;
				GCC_OPTIMIZATION_LEVEL = 0;
				GCC_PREPROCESSOR_DEFINITIONS = (
					"DEBUG=1",
					"$(inherited)",
				);
				GCC_WARN_64_TO_32_BIT_CONVERSION = YES;
				GCC_WARN_ABOUT_RETURN_TYPE = YES_ERROR;
				GCC_WARN_UNDECLARED_SELECTOR = YES;
				GCC_WARN_UNINITIALIZED_AUTOS = YES_AGGRESSIVE;
				GCC_WARN_UNUSED_FUNCTION = YES;
				GCC_WARN_UNUSED_VARIABLE = YES;
				IPHONEOS_DEPLOYMENT_TARGET = 9.0;
				MTL_ENABLE_DEBUG_INFO = YES;
				ONLY_ACTIVE_ARCH = YES;
				SDKROOT = iphoneos;
				SWIFT_OPTIMIZATION_LEVEL = "-Onone";
			};
			name = Debug;
		};
		848642D11B50622200451A3C /* Release */ = {
			isa = XCBuildConfiguration;
			buildSettings = {
				ALWAYS_SEARCH_USER_PATHS = NO;
				CLANG_CXX_LANGUAGE_STANDARD = "gnu++0x";
				CLANG_CXX_LIBRARY = "libc++";
				CLANG_ENABLE_MODULES = YES;
				CLANG_ENABLE_OBJC_ARC = YES;
				CLANG_WARN_BOOL_CONVERSION = YES;
				CLANG_WARN_CONSTANT_CONVERSION = YES;
				CLANG_WARN_DIRECT_OBJC_ISA_USAGE = YES_ERROR;
				CLANG_WARN_EMPTY_BODY = YES;
				CLANG_WARN_ENUM_CONVERSION = YES;
				CLANG_WARN_INT_CONVERSION = YES;
				CLANG_WARN_OBJC_ROOT_CLASS = YES_ERROR;
				CLANG_WARN_UNREACHABLE_CODE = YES;
				CLANG_WARN__DUPLICATE_METHOD_MATCH = YES;
				"CODE_SIGN_IDENTITY[sdk=iphoneos*]" = "iPhone Developer";
				COPY_PHASE_STRIP = NO;
				DEBUG_INFORMATION_FORMAT = "dwarf-with-dsym";
				ENABLE_NS_ASSERTIONS = NO;
				ENABLE_STRICT_OBJC_MSGSEND = YES;
				GCC_C_LANGUAGE_STANDARD = gnu99;
				GCC_NO_COMMON_BLOCKS = YES;
				GCC_WARN_64_TO_32_BIT_CONVERSION = YES;
				GCC_WARN_ABOUT_RETURN_TYPE = YES_ERROR;
				GCC_WARN_UNDECLARED_SELECTOR = YES;
				GCC_WARN_UNINITIALIZED_AUTOS = YES_AGGRESSIVE;
				GCC_WARN_UNUSED_FUNCTION = YES;
				GCC_WARN_UNUSED_VARIABLE = YES;
				IPHONEOS_DEPLOYMENT_TARGET = 9.0;
				MTL_ENABLE_DEBUG_INFO = NO;
				SDKROOT = iphoneos;
				VALIDATE_PRODUCT = YES;
			};
			name = Release;
		};
		848642D31B50622200451A3C /* Debug */ = {
			isa = XCBuildConfiguration;
			buildSettings = {
				ASSETCATALOG_COMPILER_APPICON_NAME = AppIcon;
				CODE_SIGN_IDENTITY = "iPhone Developer";
				INFOPLIST_FILE = StudentTracker/Info.plist;
				IPHONEOS_DEPLOYMENT_TARGET = 8.4;
				LD_RUNPATH_SEARCH_PATHS = "$(inherited) @executable_path/Frameworks";
				PRODUCT_BUNDLE_IDENTIFIER = com.Stephen.StudentTracker;
				PRODUCT_NAME = "$(TARGET_NAME)";
			};
			name = Debug;
		};
		848642D41B50622200451A3C /* Release */ = {
			isa = XCBuildConfiguration;
			buildSettings = {
				ASSETCATALOG_COMPILER_APPICON_NAME = AppIcon;
				CODE_SIGN_IDENTITY = "iPhone Developer";
				INFOPLIST_FILE = StudentTracker/Info.plist;
				IPHONEOS_DEPLOYMENT_TARGET = 8.4;
				LD_RUNPATH_SEARCH_PATHS = "$(inherited) @executable_path/Frameworks";
				PRODUCT_BUNDLE_IDENTIFIER = com.Stephen.StudentTracker;
				PRODUCT_NAME = "$(TARGET_NAME)";
			};
			name = Release;
		};
/* End XCBuildConfiguration section */

/* Begin XCConfigurationList section */
		848642B81B50622200451A3C /* Build configuration list for PBXProject "StudentTracker" */ = {
			isa = XCConfigurationList;
			buildConfigurations = (
				848642D01B50622200451A3C /* Debug */,
				848642D11B50622200451A3C /* Release */,
			);
			defaultConfigurationIsVisible = 0;
			defaultConfigurationName = Release;
		};
		848642D21B50622200451A3C /* Build configuration list for PBXNativeTarget "StudentTracker" */ = {
			isa = XCConfigurationList;
			buildConfigurations = (
				848642D31B50622200451A3C /* Debug */,
				848642D41B50622200451A3C /* Release */,
			);
			defaultConfigurationIsVisible = 0;
			defaultConfigurationName = Release;
		};
/* End XCConfigurationList section */

/* Begin XCVersionGroup section */
		848642C71B50622200451A3C /* StudentTracker.xcdatamodeld */ = {
			isa = XCVersionGroup;
			children = (
				848642C81B50622200451A3C /* StudentTracker.xcdatamodel */,
			);
			currentVersion = 848642C81B50622200451A3C /* StudentTracker.xcdatamodel */;
			path = StudentTracker.xcdatamodeld;
			sourceTree = "<group>";
			versionGroupType = wrapper.xcdatamodel;
		};
/* End XCVersionGroup section */
	};
	rootObject = 848642B51B50622200451A3C /* Project object */;
}
